
Microsoft Visual Studio Solution File, Format Version 12.00
# Visual Studio Version 17
VisualStudioVersion = 17.11.35312.102
MinimumVisualStudioVersion = 10.0.40219.1
Project("{9A19103F-16F7-4668-BE54-9A1E7A4F7556}") = "Connector", "Connector\Connector.csproj", "{AB0730CA-BFD5-49CB-B316-BAB664C237AC}"
EndProject
Project("{9A19103F-16F7-4668-BE54-9A1E7A4F7556}") = "ParserData", "ParserData\ParserData.csproj", "{97DEC5F1-FDE9-4501-BCF1-0EC6B41335E4}"
EndProject
Project("{E53339B2-1760-4266-BCC7-CA923CBCF16C}") = "docker-compose", "docker-compose.dcproj", "{FB84F2CD-04D8-4C0A-A34F-E9CAFA61478E}"
EndProject
Project("{9A19103F-16F7-4668-BE54-9A1E7A4F7556}") = "DatabaseInitializer", "DatabaseInitializer\DatabaseInitializer.csproj", "{0339E1D6-E384-4331-B0A2-A640047A3E50}"
EndProject
Project("{9A19103F-16F7-4668-BE54-9A1E7A4F7556}") = "Scheduler", "Scheduler\Scheduler.csproj", "{4F3D0EF5-5E82-448B-9D51-BF1115DD536A}"
EndProject
Global
	GlobalSection(SolutionConfigurationPlatforms) = preSolution
		Debug|Any CPU = Debug|Any CPU
		Release|Any CPU = Release|Any CPU
	EndGlobalSection
	GlobalSection(ProjectConfigurationPlatforms) = postSolution
		{AB0730CA-BFD5-49CB-B316-BAB664C237AC}.Debug|Any CPU.ActiveCfg = Debug|Any CPU
		{AB0730CA-BFD5-49CB-B316-BAB664C237AC}.Debug|Any CPU.Build.0 = Debug|Any CPU
		{AB0730CA-BFD5-49CB-B316-BAB664C237AC}.Release|Any CPU.ActiveCfg = Release|Any CPU
		{AB0730CA-BFD5-49CB-B316-BAB664C237AC}.Release|Any CPU.Build.0 = Release|Any CPU
		{97DEC5F1-FDE9-4501-BCF1-0EC6B41335E4}.Debug|Any CPU.ActiveCfg = Debug|Any CPU
		{97DEC5F1-FDE9-4501-BCF1-0EC6B41335E4}.Debug|Any CPU.Build.0 = Debug|Any CPU
		{97DEC5F1-FDE9-4501-BCF1-0EC6B41335E4}.Release|Any CPU.ActiveCfg = Release|Any CPU
		{97DEC5F1-FDE9-4501-BCF1-0EC6B41335E4}.Release|Any CPU.Build.0 = Release|Any CPU
		{FB84F2CD-04D8-4C0A-A34F-E9CAFA61478E}.Debug|Any CPU.ActiveCfg = Debug|Any CPU
		{FB84F2CD-04D8-4C0A-A34F-E9CAFA61478E}.Debug|Any CPU.Build.0 = Debug|Any CPU
		{FB84F2CD-04D8-4C0A-A34F-E9CAFA61478E}.Release|Any CPU.ActiveCfg = Release|Any CPU
		{FB84F2CD-04D8-4C0A-A34F-E9CAFA61478E}.Release|Any CPU.Build.0 = Release|Any CPU
		{0339E1D6-E384-4331-B0A2-A640047A3E50}.Debug|Any CPU.ActiveCfg = Debug|Any CPU
		{0339E1D6-E384-4331-B0A2-A640047A3E50}.Debug|Any CPU.Build.0 = Debug|Any CPU
		{0339E1D6-E384-4331-B0A2-A640047A3E50}.Release|Any CPU.ActiveCfg = Release|Any CPU
		{0339E1D6-E384-4331-B0A2-A640047A3E50}.Release|Any CPU.Build.0 = Release|Any CPU
		{4F3D0EF5-5E82-448B-9D51-BF1115DD536A}.Debug|Any CPU.ActiveCfg = Debug|Any CPU
		{4F3D0EF5-5E82-448B-9D51-BF1115DD536A}.Debug|Any CPU.Build.0 = Debug|Any CPU
		{4F3D0EF5-5E82-448B-9D51-BF1115DD536A}.Release|Any CPU.ActiveCfg = Release|Any CPU
		{4F3D0EF5-5E82-448B-9D51-BF1115DD536A}.Release|Any CPU.Build.0 = Release|Any CPU
	EndGlobalSection
	GlobalSection(SolutionProperties) = preSolution
		HideSolutionNode = FALSE
	EndGlobalSection
	GlobalSection(ExtensibilityGlobals) = postSolution
		SolutionGuid = {1C291CFC-6AD6-45A2-8008-160C206C1094}
	EndGlobalSection
EndGlobal
